
Microsoft Visual Studio Solution File, Format Version 12.00
# Visual Studio Version 16
VisualStudioVersion = 16.0.30204.135
MinimumVisualStudioVersion = 10.0.40219.1
Project("{FAE04EC0-301F-11D3-BF4B-00C04F79EFBC}") = "eShop", "eShop\eShop.csproj", "{644A440C-E467-45DE-B7BE-CE08CB3B563D}"
EndProject
Global
	GlobalSection(SolutionConfigurationPlatforms) = preSolution
		Debug|Any CPU = Debug|Any CPU
		Release|Any CPU = Release|Any CPU
	EndGlobalSection
	GlobalSection(ProjectConfigurationPlatforms) = postSolution
		{644A440C-E467-45DE-B7BE-CE08CB3B563D}.Debug|Any CPU.ActiveCfg = Debug|Any CPU
		{644A440C-E467-45DE-B7BE-CE08CB3B563D}.Debug|Any CPU.Build.0 = Debug|Any CPU
		{644A440C-E467-45DE-B7BE-CE08CB3B563D}.Release|Any CPU.ActiveCfg = Release|Any CPU
		{644A440C-E467-45DE-B7BE-CE08CB3B563D}.Release|Any CPU.Build.0 = Release|Any CPU
	EndGlobalSection
	GlobalSection(SolutionProperties) = preSolution
		HideSolutionNode = FALSE
	EndGlobalSection
	GlobalSection(ExtensibilityGlobals) = postSolution
		SolutionGuid = {7900C383-E319-491C-8D7C-28F1C89ED785}
	EndGlobalSection
EndGlobal
